
Microsoft Visual Studio Solution File, Format Version 12.00
# Visual Studio Version 17
VisualStudioVersion = 17.8.34511.84
MinimumVisualStudioVersion = 10.0.40219.1
Project("{FAE04EC0-301F-11D3-BF4B-00C04F79EFBC}") = "ConsoleApp14", "ConsoleApp14\ConsoleApp14.csproj", "{10F36741-4913-4E0C-AF79-D2464048AB9B}"
EndProject
Global
	GlobalSection(SolutionConfigurationPlatforms) = preSolution
		Debug|Any CPU = Debug|Any CPU
		Release|Any CPU = Release|Any CPU
	EndGlobalSection
	GlobalSection(ProjectConfigurationPlatforms) = postSolution
		{10F36741-4913-4E0C-AF79-D2464048AB9B}.Debug|Any CPU.ActiveCfg = Debug|Any CPU
		{10F36741-4913-4E0C-AF79-D2464048AB9B}.Debug|Any CPU.Build.0 = Debug|Any CPU
		{10F36741-4913-4E0C-AF79-D2464048AB9B}.Release|Any CPU.ActiveCfg = Release|Any CPU
		{10F36741-4913-4E0C-AF79-D2464048AB9B}.Release|Any CPU.Build.0 = Release|Any CPU
	EndGlobalSection
	GlobalSection(SolutionProperties) = preSolution
		HideSolutionNode = FALSE
	EndGlobalSection
	GlobalSection(ExtensibilityGlobals) = postSolution
		SolutionGuid = {6D8DFBBF-FBA0-412A-B667-CE1E4802486C}
	EndGlobalSection
EndGlobal
